
Microsoft Visual Studio Solution File, Format Version 12.00
# Visual Studio 15
VisualStudioVersion = 15.0.27703.2018
MinimumVisualStudioVersion = 10.0.40219.1
Project("{FAE04EC0-301F-11D3-BF4B-00C04F79EFBC}") = "LightBetweenLeaves Server", "LightBetweenLeaves Server\LightBetweenLeaves Server.csproj", "{F24AE923-DD93-40C0-8FAE-F06831782888}"
EndProject
Project("{9A19103F-16F7-4668-BE54-9A1E7A4F7556}") = "Telepathy", "..\..\..\Downloads\Mods\testy\telepathy\Telepathy\Telepathy.csproj", "{93683BC2-86B1-428F-A3AC-942D2E90F11E}"
EndProject
Project("{FAE04EC0-301F-11D3-BF4B-00C04F79EFBC}") = "SharedData", "SharedData\SharedData.csproj", "{280BA373-6BF2-4A44-ABA9-9C8E60FCC11F}"
EndProject
Project("{FAE04EC0-301F-11D3-BF4B-00C04F79EFBC}") = "DatabaseServer", "DatabaseServer\DatabaseServer.csproj", "{62883850-63E3-45A4-9A2B-75022ED74ECD}"
EndProject
Global
	GlobalSection(SolutionConfigurationPlatforms) = preSolution
		Debug|Any CPU = Debug|Any CPU
		Release|Any CPU = Release|Any CPU
	EndGlobalSection
	GlobalSection(ProjectConfigurationPlatforms) = postSolution
		{F24AE923-DD93-40C0-8FAE-F06831782888}.Debug|Any CPU.ActiveCfg = Debug|Any CPU
		{F24AE923-DD93-40C0-8FAE-F06831782888}.Debug|Any CPU.Build.0 = Debug|Any CPU
		{F24AE923-DD93-40C0-8FAE-F06831782888}.Release|Any CPU.ActiveCfg = Release|Any CPU
		{F24AE923-DD93-40C0-8FAE-F06831782888}.Release|Any CPU.Build.0 = Release|Any CPU
		{93683BC2-86B1-428F-A3AC-942D2E90F11E}.Debug|Any CPU.ActiveCfg = Debug|Any CPU
		{93683BC2-86B1-428F-A3AC-942D2E90F11E}.Debug|Any CPU.Build.0 = Debug|Any CPU
		{93683BC2-86B1-428F-A3AC-942D2E90F11E}.Release|Any CPU.ActiveCfg = Release|Any CPU
		{93683BC2-86B1-428F-A3AC-942D2E90F11E}.Release|Any CPU.Build.0 = Release|Any CPU
		{280BA373-6BF2-4A44-ABA9-9C8E60FCC11F}.Debug|Any CPU.ActiveCfg = Debug|Any CPU
		{280BA373-6BF2-4A44-ABA9-9C8E60FCC11F}.Debug|Any CPU.Build.0 = Debug|Any CPU
		{280BA373-6BF2-4A44-ABA9-9C8E60FCC11F}.Release|Any CPU.ActiveCfg = Release|Any CPU
		{280BA373-6BF2-4A44-ABA9-9C8E60FCC11F}.Release|Any CPU.Build.0 = Release|Any CPU
		{62883850-63E3-45A4-9A2B-75022ED74ECD}.Debug|Any CPU.ActiveCfg = Debug|Any CPU
		{62883850-63E3-45A4-9A2B-75022ED74ECD}.Debug|Any CPU.Build.0 = Debug|Any CPU
		{62883850-63E3-45A4-9A2B-75022ED74ECD}.Release|Any CPU.ActiveCfg = Release|Any CPU
		{62883850-63E3-45A4-9A2B-75022ED74ECD}.Release|Any CPU.Build.0 = Release|Any CPU
	EndGlobalSection
	GlobalSection(SolutionProperties) = preSolution
		HideSolutionNode = FALSE
	EndGlobalSection
	GlobalSection(ExtensibilityGlobals) = postSolution
		SolutionGuid = {08460567-E480-4293-8D5B-9660F4D72F72}
	EndGlobalSection
EndGlobal
